{
  "version": 4,
  "terraform_version": "1.8.1",
  "serial": 51,
  "lineage": "631fdfb5-8a1e-4966-cc5f-4b8dccfb6d53",
  "outputs": {},
  "resources": [
    {
      "mode": "data",
      "type": "local_file",
      "name": "script_up",
      "provider": "provider[\"registry.terraform.io/hashicorp/local\"]",
      "instances": [
        {
          "schema_version": 0,
          "attributes": {
            "content": "Connect-AzAccount -CertificateThumbprint '9E845CAE4987AA2A04FCF10F80416E966437112B' -ApplicationId '44fc1beb-6709-4f7b-80e4-07e22e123ca7' -Tenant 'Aktios SL' \r\n# # Set variables\r\n# $resourceGroup = 'example-resources'\r\n# $vmName = 'example-machine'\r\n# $size = 'Standard_DS3_v2'\r\n# # Get the VM\r\n# $vm = Get-AzVM -ResourceGroupName $resourceGroup -Name $vmName\r\n# # Change the VM size\r\n# $vm.HardwareProfile.VmSize = $size\r\n# # Update the VM\r\n# Update-AzVM -ResourceGroupName $resourceGroup -VM $vm",
            "content_base64": "Q29ubmVjdC1BekFjY291bnQgLUNlcnRpZmljYXRlVGh1bWJwcmludCAnOUU4NDVDQUU0OTg3QUEyQTA0RkNGMTBGODA0MTZFOTY2NDM3MTEyQicgLUFwcGxpY2F0aW9uSWQgJzQ0ZmMxYmViLTY3MDktNGY3Yi04MGU0LTA3ZTIyZTEyM2NhNycgLVRlbmFudCAnQWt0aW9zIFNMJyANCiMgIyBTZXQgdmFyaWFibGVzDQojICRyZXNvdXJjZUdyb3VwID0gJ2V4YW1wbGUtcmVzb3VyY2VzJw0KIyAkdm1OYW1lID0gJ2V4YW1wbGUtbWFjaGluZScNCiMgJHNpemUgPSAnU3RhbmRhcmRfRFMzX3YyJw0KIyAjIEdldCB0aGUgVk0NCiMgJHZtID0gR2V0LUF6Vk0gLVJlc291cmNlR3JvdXBOYW1lICRyZXNvdXJjZUdyb3VwIC1OYW1lICR2bU5hbWUNCiMgIyBDaGFuZ2UgdGhlIFZNIHNpemUNCiMgJHZtLkhhcmR3YXJlUHJvZmlsZS5WbVNpemUgPSAkc2l6ZQ0KIyAjIFVwZGF0ZSB0aGUgVk0NCiMgVXBkYXRlLUF6Vk0gLVJlc291cmNlR3JvdXBOYW1lICRyZXNvdXJjZUdyb3VwIC1WTSAkdm0=",
            "content_base64sha256": "whWlKTpdqsYxAStn86Kf0Sboyu+bgGkwDV9xUty65Ik=",
            "content_base64sha512": "bj1hGibRJbZ5Jq6l+Gj75/HB1ZZtbouSuJ3zZsyZfyT70OeBGA8g2CQhY4SiA0avt4di5/nZ/60ahNAsTuJbzg==",
            "content_md5": "4a05f36a04173923eb5d9006273d6c19",
            "content_sha1": "7f6d7cbcfd47511becd25ad397f57758469e1583",
            "content_sha256": "c215a5293a5daac631012b67f3a29fd126e8caef9b8069300d5f7152dcbae489",
            "content_sha512": "6e3d611a26d125b67926aea5f868fbe7f1c1d5966d6e8b92b89df366cc997f24fbd0e781180f20d824216384a20346afb78762e7f9d9ffad1a84d02c4ee25bce",
            "filename": "ScriptUp",
            "id": "7f6d7cbcfd47511becd25ad397f57758469e1583"
          },
          "sensitive_attributes": []
        }
      ]
    },
    {
      "mode": "managed",
      "type": "azurerm_automation_account",
      "name": "example",
      "provider": "provider[\"registry.terraform.io/hashicorp/azurerm\"]",
      "instances": [
        {
          "schema_version": 0,
          "attributes": {
            "dsc_primary_access_key": "pweDeam7J1EY+n4Uu6wy+fW7CQf6wsUhHsO9C49XACt3nMPuKyHSJ1jwtMzOkjQohkX8PJJxZlkTmgUWqZGfig==",
            "dsc_secondary_access_key": "dV0ri10XoyEkxtrCiRpxbmP38XFO52Xq0tDRgdWp0SOatqJlmxIrkXGK+0MNtnLIecSkoCgJfwT56SQvCSvxIw==",
            "dsc_server_endpoint": "https://01fe5965-e859-4228-926f-2442fab9ce71.agentsvc.we.azure-automation.net/accounts/01fe5965-e859-4228-926f-2442fab9ce71",
            "encryption": [],
            "hybrid_service_url": "https://01fe5965-e859-4228-926f-2442fab9ce71.jrds.we.azure-automation.net/automationAccounts/01fe5965-e859-4228-926f-2442fab9ce71",
            "id": "/subscriptions/1c385d12-060e-4a31-8ef6-7fec22561462/resourceGroups/example-resources/providers/Microsoft.Automation/automationAccounts/account1",
            "identity": [
              {
                "identity_ids": null,
                "principal_id": "c7396e0b-ef60-46ca-b63d-be74d6daa8b1",
                "tenant_id": "d2cc63fc-6c18-4213-bf42-f2001e89e788",
                "type": "SystemAssigned"
              }
            ],
            "local_authentication_enabled": true,
            "location": "westeurope",
            "name": "account1",
            "private_endpoint_connection": [],
            "public_network_access_enabled": true,
            "resource_group_name": "example-resources",
            "sku_name": "Basic",
            "tags": null,
            "timeouts": null
          },
          "sensitive_attributes": [
            [
              {
                "type": "get_attr",
                "value": "dsc_primary_access_key"
              }
            ],
            [
              {
                "type": "get_attr",
                "value": "dsc_secondary_access_key"
              }
            ]
          ],
          "private": "eyJlMmJmYjczMC1lY2FhLTExZTYtOGY4OC0zNDM2M2JjN2M0YzAiOnsiY3JlYXRlIjoxODAwMDAwMDAwMDAwLCJkZWxldGUiOjE4MDAwMDAwMDAwMDAsInJlYWQiOjMwMDAwMDAwMDAwMCwidXBkYXRlIjoxODAwMDAwMDAwMDAwfX0=",
          "dependencies": [
            "azurerm_resource_group.example"
          ]
        }
      ]
    },
    {
      "mode": "managed",
      "type": "azurerm_automation_runbook",
      "name": "example",
      "provider": "provider[\"registry.terraform.io/hashicorp/azurerm\"]",
      "instances": [
        {
          "schema_version": 0,
          "attributes": {
            "automation_account_name": "account1",
            "content": "Connect-AzAccount -CertificateThumbprint '9E845CAE4987AA2A04FCF10F80416E966437112B' -ApplicationId '44fc1beb-6709-4f7b-80e4-07e22e123ca7' -Tenant 'Aktios SL' \r\n# # Set variables\r\n# $resourceGroup = 'example-resources'\r\n# $vmName = 'example-machine'\r\n# $size = 'Standard_DS3_v2'\r\n# # Get the VM\r\n# $vm = Get-AzVM -ResourceGroupName $resourceGroup -Name $vmName\r\n# # Change the VM size\r\n# $vm.HardwareProfile.VmSize = $size\r\n# # Update the VM\r\n# Update-AzVM -ResourceGroupName $resourceGroup -VM $vm",
            "description": "This is an example runbook",
            "draft": [],
            "id": "/subscriptions/1c385d12-060e-4a31-8ef6-7fec22561462/resourceGroups/example-resources/providers/Microsoft.Automation/automationAccounts/account1/runbooks/ResizeUpVM",
            "job_schedule": [],
            "location": "westeurope",
            "log_activity_trace_level": 0,
            "log_progress": true,
            "log_verbose": true,
            "name": "ResizeUpVM",
            "publish_content_link": [],
            "resource_group_name": "example-resources",
            "runbook_type": "PowerShell",
            "tags": null,
            "timeouts": null
          },
          "sensitive_attributes": [],
          "private": "eyJlMmJmYjczMC1lY2FhLTExZTYtOGY4OC0zNDM2M2JjN2M0YzAiOnsiY3JlYXRlIjoxODAwMDAwMDAwMDAwLCJkZWxldGUiOjE4MDAwMDAwMDAwMDAsInJlYWQiOjMwMDAwMDAwMDAwMCwidXBkYXRlIjoxODAwMDAwMDAwMDAwfX0=",
          "dependencies": [
            "azurerm_automation_account.example",
            "azurerm_resource_group.example",
            "data.local_file.script_up",
            "local_file.script_up"
          ]
        }
      ]
    },
    {
      "mode": "managed",
      "type": "azurerm_linux_virtual_machine",
      "name": "example",
      "provider": "provider[\"registry.terraform.io/hashicorp/azurerm\"]",
      "instances": [
        {
          "schema_version": 0,
          "attributes": {
            "additional_capabilities": [],
            "admin_password": null,
            "admin_ssh_key": [
              {
                "public_key": "ssh-rsa AAAAB3NzaC1yc2EAAAADAQABAAABgQCwIgcYW6nEnXCVpM8V3jLfMpSd7L8Qqx87Cv/7hIOr3pyJ4I5u1vBwT0BO22o8tKjX/P7G0PhuROdsi3g2ylgTDCySfURDn0UbZQurpprO44nvsyUhVfJcXWiIC3rs5e1nNoUBSeriQis/269SajNMM7a199loa2vSAAHIcIc1BjTeDDxRUPfEtSO/tqwIC1ygcQUUhTI/AYGX4pHl63mNYq9npUK2ggxo6Bh6Y60xWKljlUKvugb2LkVTp7B7WJ5ELzSRMSANo+vj6lxhgThwsOLS8RtwDxqyxkANSlGgohHg4ufff/D/pIDUPiIYXhZYIpwu5XsNc2kDKi6Y4pWwkFpljUcmz45wkSooo7M5FGeZIZ+M3Mhf4+IVGM3zaikZYu7bJwHrCm+LknxYxEKGMR5udLS//DSqDiJPzCdooxf8lA9ZRlaWIM/GpQxtxo2nieojYD8G26sThR9Bh9YJt45XoWoiA4JW5wVvnZ6bmcJsOU0Qp+qmp2+zTlWGcwc= azuread\\manuelromerovega@AKTPO155\r\n",
                "username": "adminuser"
              }
            ],
            "admin_username": "adminuser",
            "allow_extension_operations": true,
            "availability_set_id": "",
            "boot_diagnostics": [],
            "bypass_platform_safety_checks_on_user_schedule_enabled": false,
            "capacity_reservation_group_id": "",
            "computer_name": "example-machine",
            "custom_data": null,
            "dedicated_host_group_id": "",
            "dedicated_host_id": "",
            "disable_password_authentication": true,
            "disk_controller_type": "",
            "edge_zone": "",
            "encryption_at_host_enabled": false,
            "eviction_policy": "",
            "extensions_time_budget": "PT1H30M",
            "gallery_application": [],
            "id": "/subscriptions/1c385d12-060e-4a31-8ef6-7fec22561462/resourceGroups/example-resources/providers/Microsoft.Compute/virtualMachines/example-machine",
            "identity": [],
            "license_type": "",
            "location": "westeurope",
            "max_bid_price": -1,
            "name": "example-machine",
            "network_interface_ids": [
              "/subscriptions/1c385d12-060e-4a31-8ef6-7fec22561462/resourceGroups/example-resources/providers/Microsoft.Network/networkInterfaces/test-nic"
            ],
            "os_disk": [
              {
                "caching": "ReadWrite",
                "diff_disk_settings": [],
                "disk_encryption_set_id": "",
                "disk_size_gb": 30,
                "name": "example-machine_OsDisk_1_87b53ce5929a4151949146d6c8737dd3",
                "secure_vm_disk_encryption_set_id": "",
                "security_encryption_type": "",
                "storage_account_type": "Standard_LRS",
                "write_accelerator_enabled": false
              }
            ],
            "os_image_notification": [],
            "patch_assessment_mode": "ImageDefault",
            "patch_mode": "ImageDefault",
            "plan": [],
            "platform_fault_domain": -1,
            "priority": "Regular",
            "private_ip_address": "10.0.2.5",
            "private_ip_addresses": [
              "10.0.2.5"
            ],
            "provision_vm_agent": true,
            "proximity_placement_group_id": "",
            "public_ip_address": "",
            "public_ip_addresses": [],
            "reboot_setting": "",
            "resource_group_name": "example-resources",
            "secret": [],
            "secure_boot_enabled": false,
            "size": "Standard_F2",
            "source_image_id": "",
            "source_image_reference": [
              {
                "offer": "0001-com-ubuntu-server-jammy",
                "publisher": "Canonical",
                "sku": "22_04-lts",
                "version": "latest"
              }
            ],
            "tags": null,
            "termination_notification": null,
            "timeouts": null,
            "user_data": "",
            "virtual_machine_id": "21a08348-ed7e-471a-a165-eebfa6ac3956",
            "virtual_machine_scale_set_id": "",
            "vm_agent_platform_updates_enabled": false,
            "vtpm_enabled": false,
            "zone": ""
          },
          "sensitive_attributes": [
            [
              {
                "type": "get_attr",
                "value": "admin_password"
              }
            ],
            [
              {
                "type": "get_attr",
                "value": "custom_data"
              }
            ]
          ],
          "private": "eyJlMmJmYjczMC1lY2FhLTExZTYtOGY4OC0zNDM2M2JjN2M0YzAiOnsiY3JlYXRlIjoyNzAwMDAwMDAwMDAwLCJkZWxldGUiOjI3MDAwMDAwMDAwMDAsInJlYWQiOjMwMDAwMDAwMDAwMCwidXBkYXRlIjoyNzAwMDAwMDAwMDAwfX0=",
          "dependencies": [
            "azurerm_network_interface.example",
            "azurerm_resource_group.example",
            "azurerm_subnet.example",
            "azurerm_virtual_network.example"
          ]
        }
      ]
    },
    {
      "mode": "managed",
      "type": "azurerm_network_interface",
      "name": "example",
      "provider": "provider[\"registry.terraform.io/hashicorp/azurerm\"]",
      "instances": [
        {
          "schema_version": 0,
          "attributes": {
            "applied_dns_servers": [],
            "auxiliary_mode": "",
            "auxiliary_sku": "",
            "dns_servers": [],
            "edge_zone": "",
            "enable_accelerated_networking": false,
            "enable_ip_forwarding": false,
            "id": "/subscriptions/1c385d12-060e-4a31-8ef6-7fec22561462/resourceGroups/example-resources/providers/Microsoft.Network/networkInterfaces/test-nic",
            "internal_dns_name_label": "",
            "internal_domain_name_suffix": "p0zfhjyr2sdu1ofion0gwhykff.ax.internal.cloudapp.net",
            "ip_configuration": [
              {
                "gateway_load_balancer_frontend_ip_configuration_id": "",
                "name": "testconfiguration1",
                "primary": true,
                "private_ip_address": "10.0.2.5",
                "private_ip_address_allocation": "Static",
                "private_ip_address_version": "IPv4",
                "public_ip_address_id": "",
                "subnet_id": "/subscriptions/1c385d12-060e-4a31-8ef6-7fec22561462/resourceGroups/example-resources/providers/Microsoft.Network/virtualNetworks/example-network/subnets/internal"
              }
            ],
            "location": "westeurope",
            "mac_address": "",
            "name": "test-nic",
            "private_ip_address": "10.0.2.5",
            "private_ip_addresses": [
              "10.0.2.5"
            ],
            "resource_group_name": "example-resources",
            "tags": null,
            "timeouts": null,
            "virtual_machine_id": ""
          },
          "sensitive_attributes": [],
          "private": "eyJlMmJmYjczMC1lY2FhLTExZTYtOGY4OC0zNDM2M2JjN2M0YzAiOnsiY3JlYXRlIjoxODAwMDAwMDAwMDAwLCJkZWxldGUiOjE4MDAwMDAwMDAwMDAsInJlYWQiOjMwMDAwMDAwMDAwMCwidXBkYXRlIjoxODAwMDAwMDAwMDAwfX0=",
          "dependencies": [
            "azurerm_resource_group.example",
            "azurerm_subnet.example",
            "azurerm_virtual_network.example"
          ]
        }
      ]
    },
    {
      "mode": "managed",
      "type": "azurerm_resource_group",
      "name": "example",
      "provider": "provider[\"registry.terraform.io/hashicorp/azurerm\"]",
      "instances": [
        {
          "schema_version": 0,
          "attributes": {
            "id": "/subscriptions/1c385d12-060e-4a31-8ef6-7fec22561462/resourceGroups/example-resources",
            "location": "westeurope",
            "managed_by": "",
            "name": "example-resources",
            "tags": null,
            "timeouts": null
          },
          "sensitive_attributes": [],
          "private": "eyJlMmJmYjczMC1lY2FhLTExZTYtOGY4OC0zNDM2M2JjN2M0YzAiOnsiY3JlYXRlIjo1NDAwMDAwMDAwMDAwLCJkZWxldGUiOjU0MDAwMDAwMDAwMDAsInJlYWQiOjMwMDAwMDAwMDAwMCwidXBkYXRlIjo1NDAwMDAwMDAwMDAwfX0="
        }
      ]
    },
    {
      "mode": "managed",
      "type": "azurerm_subnet",
      "name": "example",
      "provider": "provider[\"registry.terraform.io/hashicorp/azurerm\"]",
      "instances": [
        {
          "schema_version": 0,
          "attributes": {
            "address_prefixes": [
              "10.0.2.0/24"
            ],
            "delegation": [],
            "enforce_private_link_endpoint_network_policies": false,
            "enforce_private_link_service_network_policies": false,
            "id": "/subscriptions/1c385d12-060e-4a31-8ef6-7fec22561462/resourceGroups/example-resources/providers/Microsoft.Network/virtualNetworks/example-network/subnets/internal",
            "name": "internal",
            "private_endpoint_network_policies": "Enabled",
            "private_endpoint_network_policies_enabled": true,
            "private_link_service_network_policies_enabled": true,
            "resource_group_name": "example-resources",
            "service_endpoint_policy_ids": null,
            "service_endpoints": null,
            "timeouts": null,
            "virtual_network_name": "example-network"
          },
          "sensitive_attributes": [],
          "private": "eyJlMmJmYjczMC1lY2FhLTExZTYtOGY4OC0zNDM2M2JjN2M0YzAiOnsiY3JlYXRlIjoxODAwMDAwMDAwMDAwLCJkZWxldGUiOjE4MDAwMDAwMDAwMDAsInJlYWQiOjMwMDAwMDAwMDAwMCwidXBkYXRlIjoxODAwMDAwMDAwMDAwfX0=",
          "dependencies": [
            "azurerm_resource_group.example",
            "azurerm_virtual_network.example"
          ]
        }
      ]
    },
    {
      "mode": "managed",
      "type": "azurerm_virtual_network",
      "name": "example",
      "provider": "provider[\"registry.terraform.io/hashicorp/azurerm\"]",
      "instances": [
        {
          "schema_version": 0,
          "attributes": {
            "address_space": [
              "10.0.0.0/16"
            ],
            "bgp_community": "",
            "ddos_protection_plan": [],
            "dns_servers": [],
            "edge_zone": "",
            "encryption": [],
            "flow_timeout_in_minutes": 0,
            "guid": "a753b27e-e411-4d87-b8a8-73746b1f0a2d",
            "id": "/subscriptions/1c385d12-060e-4a31-8ef6-7fec22561462/resourceGroups/example-resources/providers/Microsoft.Network/virtualNetworks/example-network",
            "location": "westeurope",
            "name": "example-network",
            "resource_group_name": "example-resources",
            "subnet": [],
            "tags": null,
            "timeouts": null
          },
          "sensitive_attributes": [],
          "private": "eyJlMmJmYjczMC1lY2FhLTExZTYtOGY4OC0zNDM2M2JjN2M0YzAiOnsiY3JlYXRlIjoxODAwMDAwMDAwMDAwLCJkZWxldGUiOjE4MDAwMDAwMDAwMDAsInJlYWQiOjMwMDAwMDAwMDAwMCwidXBkYXRlIjoxODAwMDAwMDAwMDAwfX0=",
          "dependencies": [
            "azurerm_resource_group.example"
          ]
        }
      ]
    },
    {
      "mode": "managed",
      "type": "local_file",
      "name": "script_up",
      "provider": "provider[\"registry.terraform.io/hashicorp/local\"]",
      "instances": [
        {
          "schema_version": 0,
          "attributes": {
            "content": "Connect-AzAccount -CertificateThumbprint '9E845CAE4987AA2A04FCF10F80416E966437112B' -ApplicationId '44fc1beb-6709-4f7b-80e4-07e22e123ca7' -Tenant 'Aktios SL' \r\n# # Set variables\r\n# $resourceGroup = 'example-resources'\r\n# $vmName = 'example-machine'\r\n# $size = 'Standard_DS3_v2'\r\n# # Get the VM\r\n# $vm = Get-AzVM -ResourceGroupName $resourceGroup -Name $vmName\r\n# # Change the VM size\r\n# $vm.HardwareProfile.VmSize = $size\r\n# # Update the VM\r\n# Update-AzVM -ResourceGroupName $resourceGroup -VM $vm",
            "content_base64": null,
            "content_base64sha256": "whWlKTpdqsYxAStn86Kf0Sboyu+bgGkwDV9xUty65Ik=",
            "content_base64sha512": "bj1hGibRJbZ5Jq6l+Gj75/HB1ZZtbouSuJ3zZsyZfyT70OeBGA8g2CQhY4SiA0avt4di5/nZ/60ahNAsTuJbzg==",
            "content_md5": "4a05f36a04173923eb5d9006273d6c19",
            "content_sha1": "7f6d7cbcfd47511becd25ad397f57758469e1583",
            "content_sha256": "c215a5293a5daac631012b67f3a29fd126e8caef9b8069300d5f7152dcbae489",
            "content_sha512": "6e3d611a26d125b67926aea5f868fbe7f1c1d5966d6e8b92b89df366cc997f24fbd0e781180f20d824216384a20346afb78762e7f9d9ffad1a84d02c4ee25bce",
            "directory_permission": "0777",
            "file_permission": "0777",
            "filename": "ScriptUp",
            "id": "7f6d7cbcfd47511becd25ad397f57758469e1583",
            "sensitive_content": null,
            "source": null
          },
          "sensitive_attributes": [
            [
              {
                "type": "get_attr",
                "value": "sensitive_content"
              }
            ]
          ]
        }
      ]
    }
  ],
  "check_results": null
}
